
Microsoft Visual Studio Solution File, Format Version 12.00
# Visual Studio Version 16
VisualStudioVersion = 16.0.30223.230
MinimumVisualStudioVersion = 10.0.40219.1
Project("{FAE04EC0-301F-11D3-BF4B-00C04F79EFBC}") = "LeetCodeSolutions", "LeetCodeSolutions\LeetCodeSolutions.csproj", "{FE86011B-7171-4E2C-A146-C4D52823EEB7}"
EndProject
Global
	GlobalSection(SolutionConfigurationPlatforms) = preSolution
		Debug|Any CPU = Debug|Any CPU
		Release|Any CPU = Release|Any CPU
	EndGlobalSection
	GlobalSection(ProjectConfigurationPlatforms) = postSolution
		{FE86011B-7171-4E2C-A146-C4D52823EEB7}.Debug|Any CPU.ActiveCfg = Debug|Any CPU
		{FE86011B-7171-4E2C-A146-C4D52823EEB7}.Debug|Any CPU.Build.0 = Debug|Any CPU
		{FE86011B-7171-4E2C-A146-C4D52823EEB7}.Release|Any CPU.ActiveCfg = Release|Any CPU
		{FE86011B-7171-4E2C-A146-C4D52823EEB7}.Release|Any CPU.Build.0 = Release|Any CPU
	EndGlobalSection
	GlobalSection(SolutionProperties) = preSolution
		HideSolutionNode = FALSE
	EndGlobalSection
	GlobalSection(ExtensibilityGlobals) = postSolution
		SolutionGuid = {12B1A583-DB73-4D78-A378-B412C4CE29DC}
	EndGlobalSection
EndGlobal
